# THIS IS AN AUTOGENERATED FILE. DO NOT EDIT THIS FILE DIRECTLY.
# yarn lockfile v1


"@algolia/cache-browser-local-storage@4.4.0":
  version "4.4.0"
  resolved "https://registry.yarnpkg.com/@algolia/cache-browser-local-storage/-/cache-browser-local-storage-4.4.0.tgz#f58055bdf798d7b31b6d5f86e465cb0fc7dd6694"
  integrity sha512-2AiKgN7DpFypkRCRkpqH7waXXyFdcnsPWzmN8sLHrB/FfXqgmsQb3pGft+9YHZIDQ0vAnfgMxSGgMhMGW+0Qnw==
  dependencies:
    "@algolia/cache-common" "4.4.0"

"@algolia/cache-common@4.4.0":
  version "4.4.0"
  resolved "https://registry.yarnpkg.com/@algolia/cache-common/-/cache-common-4.4.0.tgz#bfe84790230f5d2de495238b29e9397c5ed2b26e"
  integrity sha512-PrIgoMnXaDWUfwOekahro543pgcJfgRu/nd/ZQS5ffem3+Ow725eZY6HDpPaQ1k3cvLii9JH6V2sNJConjqUKA==

"@algolia/cache-in-memory@4.4.0":
  version "4.4.0"
  resolved "https://registry.yarnpkg.com/@algolia/cache-in-memory/-/cache-in-memory-4.4.0.tgz#54a089094c2afa5b9cacab4b60a5f1ba29013a7c"
  integrity sha512-9+XlUB0baDU/Dp9URRHPp6Q37YmTO0QmgPWt9+n+wqZrRL0jR3Jezr4jCT7RemqGMxBiR+YpnqaUv0orpb0ptw==
  dependencies:
    "@algolia/cache-common" "4.4.0"

"@algolia/client-account@4.4.0":
  version "4.4.0"
  resolved "https://registry.yarnpkg.com/@algolia/client-account/-/client-account-4.4.0.tgz#7dbeff83e1c85d853b3ad224674a924e02b94d1b"
  integrity sha512-Kynu3cMEs0clTLf674rtrCF+FWR/JwlQxKlIWsPzvLBRmNXdvYej9YBcNaOr4OTQFCCZn9JVE8ib91Z7J4IL1Q==
  dependencies:
    "@algolia/client-common" "4.4.0"
    "@algolia/client-search" "4.4.0"
    "@algolia/transporter" "4.4.0"

"@algolia/client-analytics@4.4.0":
  version "4.4.0"
  resolved "https://registry.yarnpkg.com/@algolia/client-analytics/-/client-analytics-4.4.0.tgz#50dde68b067c615fc91434c98db9b5ca429be33d"
  integrity sha512-GQyjQimKAc9sZbafxln9Wk7j4pEYiORv28MZkZ+0Bjt7WNXIeO7OgOOECVpQHm9buyV6hCKpNtJcbb5/syRzdQ==
  dependencies:
    "@algolia/client-common" "4.4.0"
    "@algolia/client-search" "4.4.0"
    "@algolia/requester-common" "4.4.0"
    "@algolia/transporter" "4.4.0"

"@algolia/client-common@4.4.0":
  version "4.4.0"
  resolved "https://registry.yarnpkg.com/@algolia/client-common/-/client-common-4.4.0.tgz#b9fa987bc7a148f9756da59ada51fe2494a4aa9a"
  integrity sha512-a3yr6UhzjWPHDG/8iGp9UvrDOm1aeHVWJIf0Nj/cIvqX5tNCEIo4IMe59ovApkDgLOIpt/cLsyhn9/FiPXRhJA==
  dependencies:
    "@algolia/requester-common" "4.4.0"
    "@algolia/transporter" "4.4.0"

"@algolia/client-recommendation@4.4.0":
  version "4.4.0"
  resolved "https://registry.yarnpkg.com/@algolia/client-recommendation/-/client-recommendation-4.4.0.tgz#82410f7a346ed8518b8dcd28bc47571e850ab74f"
  integrity sha512-sBszbQH46rko6w2fdEG77ma8+fAg0SDkLZGxWhv4trgcnYGUBFl2dcpEPt/6koto9b4XYlf+eh+qi6iGvYqRPg==
  dependencies:
    "@algolia/client-common" "4.4.0"
    "@algolia/requester-common" "4.4.0"
    "@algolia/transporter" "4.4.0"

"@algolia/client-search@4.4.0":
  version "4.4.0"
  resolved "https://registry.yarnpkg.com/@algolia/client-search/-/client-search-4.4.0.tgz#c1e107206f3ae719cd3a9877889eea5e5cbcdc62"
  integrity sha512-jqWcxCUyPPHnHreoMb2PnN9iHTP+V/nL62R84XuTRDE3VgTnhm4ZnqyuRdzZQqaz+gNy5znav64TmQ9FN9WW5g==
  dependencies:
    "@algolia/client-common" "4.4.0"
    "@algolia/requester-common" "4.4.0"
    "@algolia/transporter" "4.4.0"

"@algolia/logger-common@4.4.0":
  version "4.4.0"
  resolved "https://registry.yarnpkg.com/@algolia/logger-common/-/logger-common-4.4.0.tgz#8115d95d5f6227f0127d33130a9c4622cde64f6f"
  integrity sha512-2vjmSENLaKNuF+ytRDysfWxxgFG95WXCHwHbueThdPMCK3hskkwqJ0Y/pugKfzl+54mZxegb4BYfgcCeuaHVUw==

"@algolia/logger-console@4.4.0":
  version "4.4.0"
  resolved "https://registry.yarnpkg.com/@algolia/logger-console/-/logger-console-4.4.0.tgz#1e0eaaf0879f152f9a1fa333c4cd8cb55e071552"
  integrity sha512-st/GUWyKvr6YM72OOfF+RmpdVGda3BPXbQ+chpntUq1WyVkyZXGjSmH1IcBVlua27GzxabwOUYON39cF3x10/g==
  dependencies:
    "@algolia/logger-common" "4.4.0"

"@algolia/requester-browser-xhr@4.4.0":
  version "4.4.0"
  resolved "https://registry.yarnpkg.com/@algolia/requester-browser-xhr/-/requester-browser-xhr-4.4.0.tgz#f5877397ed92d2d64d08846ea969aeb559a5efb6"
  integrity sha512-V3a4hXlNch355GnWaT1f5QfXhROpsjT6sd0Znq29gAhwLqfBExhLW6Khdkv5pENC0Qy7ClVhdXFrBL9QCQer1g==
  dependencies:
    "@algolia/requester-common" "4.4.0"

"@algolia/requester-common@4.4.0":
  version "4.4.0"
  resolved "https://registry.yarnpkg.com/@algolia/requester-common/-/requester-common-4.4.0.tgz#0e977939aae32ff81a6d27480a71771a65db6051"
  integrity sha512-jPinHlFJEFokxQ5b3JWyjQKKn+FMy0hH99PApzOgQAYOSiFRXiPEZp6LeIexDeLLu7Y3eRt/3nHvjPKa6PmRRw==

"@algolia/requester-node-http@4.4.0":
  version "4.4.0"
  resolved "https://registry.yarnpkg.com/@algolia/requester-node-http/-/requester-node-http-4.4.0.tgz#6ffba93d54eeadf64cb1be67fae5c4e3f7c8f390"
  integrity sha512-b7HC9C/GHxiV4+0GpCRTtjscvwarPr3dGm4CAhb6AkNjgjRcFUNr1NfsF75w3WVmzmt79/7QZihddztDdVMGjw==
  dependencies:
    "@algolia/requester-common" "4.4.0"

"@algolia/transporter@4.4.0":
  version "4.4.0"
  resolved "https://registry.yarnpkg.com/@algolia/transporter/-/transporter-4.4.0.tgz#6ec79aac43bc515c8e4f6d6e27dc8d8cd7112f7e"
  integrity sha512-Xxzq91DEEeKIzT3DU46n4LEyTGAKZNtSHc2H9wvIY5MYwhZwEribmXXZ6k8W1FvBvzggv3juu0SP+xwGoR7F0w==
  dependencies:
    "@algolia/cache-common" "4.4.0"
    "@algolia/logger-common" "4.4.0"
    "@algolia/requester-common" "4.4.0"

"algolia-firebase-tools@file:..":
  version "1.5.0"
  dependencies:
    algoliasearch "^4.3.0"
    moment "^2.27.0"
    typescript "^3.9.6"

algoliasearch@^4.3.0:
  version "4.4.0"
  resolved "https://registry.yarnpkg.com/algoliasearch/-/algoliasearch-4.4.0.tgz#25c356d8bdcf7e3f941633f61e1ac111ddcba404"
  integrity sha512-Ag3wxe/nSodNl/1KbHibtkh7TNLptKE300/wnGVtszRjXivaWD6333nUpCumrYObHym/fHMHyLcmQYezXbAIWQ==
  dependencies:
    "@algolia/cache-browser-local-storage" "4.4.0"
    "@algolia/cache-common" "4.4.0"
    "@algolia/cache-in-memory" "4.4.0"
    "@algolia/client-account" "4.4.0"
    "@algolia/client-analytics" "4.4.0"
    "@algolia/client-common" "4.4.0"
    "@algolia/client-recommendation" "4.4.0"
    "@algolia/client-search" "4.4.0"
    "@algolia/logger-common" "4.4.0"
    "@algolia/logger-console" "4.4.0"
    "@algolia/requester-browser-xhr" "4.4.0"
    "@algolia/requester-common" "4.4.0"
    "@algolia/requester-node-http" "4.4.0"
    "@algolia/transporter" "4.4.0"

moment@^2.27.0:
  version "2.27.0"
  resolved "https://registry.yarnpkg.com/moment/-/moment-2.27.0.tgz#8bff4e3e26a236220dfe3e36de756b6ebaa0105d"
  integrity sha512-al0MUK7cpIcglMv3YF13qSgdAIqxHTO7brRtaz3DlSULbqfazqkc5kEjNrLDOM7fsjshoFIihnU8snrP7zUvhQ==

typescript@^3.9.6, typescript@^3.9.7:
  version "3.9.7"
  resolved "https://registry.yarnpkg.com/typescript/-/typescript-3.9.7.tgz#98d600a5ebdc38f40cb277522f12dc800e9e25fa"
  integrity sha512-BLbiRkiBzAwsjut4x/dsibSTB6yWpwT5qWmC2OfuCg3GgVQCSgMs4vEctYPhsaGtd0AeuuHMkjZ2h2WG8MSzRw==
